
Microsoft Visual Studio Solution File, Format Version 12.00
# Visual Studio Version 17
VisualStudioVersion = 17.1.32210.238
MinimumVisualStudioVersion = 10.0.40219.1
Project("{9A19103F-16F7-4668-BE54-9A1E7A4F7556}") = "GraphQLApp", "GraphQLApp\GraphQLApp.csproj", "{70F92D71-5E4E-449F-80AE-DD78454E2B93}"
EndProject
Global
	GlobalSection(SolutionConfigurationPlatforms) = preSolution
		Debug|Any CPU = Debug|Any CPU
		Release|Any CPU = Release|Any CPU
	EndGlobalSection
	GlobalSection(ProjectConfigurationPlatforms) = postSolution
		{70F92D71-5E4E-449F-80AE-DD78454E2B93}.Debug|Any CPU.ActiveCfg = Debug|Any CPU
		{70F92D71-5E4E-449F-80AE-DD78454E2B93}.Debug|Any CPU.Build.0 = Debug|Any CPU
		{70F92D71-5E4E-449F-80AE-DD78454E2B93}.Release|Any CPU.ActiveCfg = Release|Any CPU
		{70F92D71-5E4E-449F-80AE-DD78454E2B93}.Release|Any CPU.Build.0 = Release|Any CPU
	EndGlobalSection
	GlobalSection(SolutionProperties) = preSolution
		HideSolutionNode = FALSE
	EndGlobalSection
	GlobalSection(ExtensibilityGlobals) = postSolution
		SolutionGuid = {14589E56-06B6-4B28-A10C-434641D424DF}
	EndGlobalSection
EndGlobal
